// !$*UTF8*$!
{
	archiveVersion = 1;
	classes = {
	};
	objectVersion = 46;
	objects = {

/* Begin PBXBuildFile section */
		5ECD0A7E9C802A27CCD9E2BB /* Pods_MusicPlaying.framework in Frameworks */ = {isa = PBXBuildFile; fileRef = 249273F56E9D6FE71A9A9996 /* Pods_MusicPlaying.framework */; };
		90D66CED1DB1CCFB00BBEDA4 /* AppDelegate.swift in Sources */ = {isa = PBXBuildFile; fileRef = 90D66CEC1DB1CCFB00BBEDA4 /* AppDelegate.swift */; };
		90D66CEF1DB1CCFB00BBEDA4 /* ViewController.swift in Sources */ = {isa = PBXBuildFile; fileRef = 90D66CEE1DB1CCFB00BBEDA4 /* ViewController.swift */; };
		90D66CF21DB1CCFB00BBEDA4 /* Main.storyboard in Resources */ = {isa = PBXBuildFile; fileRef = 90D66CF01DB1CCFB00BBEDA4 /* Main.storyboard */; };
		90D66CF41DB1CCFB00BBEDA4 /* Assets.xcassets in Resources */ = {isa = PBXBuildFile; fileRef = 90D66CF31DB1CCFB00BBEDA4 /* Assets.xcassets */; };
		90D66CF71DB1CCFB00BBEDA4 /* LaunchScreen.storyboard in Resources */ = {isa = PBXBuildFile; fileRef = 90D66CF51DB1CCFB00BBEDA4 /* LaunchScreen.storyboard */; };
		90D66D791DB1E24800BBEDA4 /* HMRadioImageView.swift in Sources */ = {isa = PBXBuildFile; fileRef = 90D66D781DB1E24800BBEDA4 /* HMRadioImageView.swift */; };
		90D66D7D1DB1FA4500BBEDA4 /* cm2_play_needle_play.png in Resources */ = {isa = PBXBuildFile; fileRef = 90D66D7C1DB1FA4500BBEDA4 /* cm2_play_needle_play.png */; };
		90D66D7F1DB210E800BBEDA4 /* default.jpg in Resources */ = {isa = PBXBuildFile; fileRef = 90D66D7E1DB210E800BBEDA4 /* default.jpg */; };
/* End PBXBuildFile section */

/* Begin PBXFileReference section */
		13E52BEFB0DE51171A33C916 /* Pods-MusicPlaying.debug.xcconfig */ = {isa = PBXFileReference; includeInIndex = 1; lastKnownFileType = text.xcconfig; name = "Pods-MusicPlaying.debug.xcconfig"; path = "Pods/Target Support Files/Pods-MusicPlaying/Pods-MusicPlaying.debug.xcconfig"; sourceTree = "<group>"; };
		249273F56E9D6FE71A9A9996 /* Pods_MusicPlaying.framework */ = {isa = PBXFileReference; explicitFileType = wrapper.framework; includeInIndex = 0; path = Pods_MusicPlaying.framework; sourceTree = BUILT_PRODUCTS_DIR; };
		90D66CE91DB1CCFB00BBEDA4 /* MusicPlaying.app */ = {isa = PBXFileReference; explicitFileType = wrapper.application; includeInIndex = 0; path = MusicPlaying.app; sourceTree = BUILT_PRODUCTS_DIR; };
		90D66CEC1DB1CCFB00BBEDA4 /* AppDelegate.swift */ = {isa = PBXFileReference; lastKnownFileType = sourcecode.swift; path = AppDelegate.swift; sourceTree = "<group>"; };
		90D66CEE1DB1CCFB00BBEDA4 /* ViewController.swift */ = {isa = PBXFileReference; lastKnownFileType = sourcecode.swift; path = ViewController.swift; sourceTree = "<group>"; };
		90D66CF11DB1CCFB00BBEDA4 /* Base */ = {isa = PBXFileReference; lastKnownFileType = file.storyboard; name = Base; path = Base.lproj/Main.storyboard; sourceTree = "<group>"; };
		90D66CF31DB1CCFB00BBEDA4 /* Assets.xcassets */ = {isa = PBXFileReference; lastKnownFileType = folder.assetcatalog; path = Assets.xcassets; sourceTree = "<group>"; };
		90D66CF61DB1CCFB00BBEDA4 /* Base */ = {isa = PBXFileReference; lastKnownFileType = file.storyboard; name = Base; path = Base.lproj/LaunchScreen.storyboard; sourceTree = "<group>"; };
		90D66CF81DB1CCFB00BBEDA4 /* Info.plist */ = {isa = PBXFileReference; lastKnownFileType = text.plist.xml; path = Info.plist; sourceTree = "<group>"; };
		90D66CFF1DB1CF0E00BBEDA4 /* MusicPlaying-Bridging-Header.h */ = {isa = PBXFileReference; lastKnownFileType = sourcecode.c.h; path = "MusicPlaying-Bridging-Header.h"; sourceTree = "<group>"; };
		90D66D781DB1E24800BBEDA4 /* HMRadioImageView.swift */ = {isa = PBXFileReference; fileEncoding = 4; lastKnownFileType = sourcecode.swift; path = HMRadioImageView.swift; sourceTree = "<group>"; };
		90D66D7C1DB1FA4500BBEDA4 /* cm2_play_needle_play.png */ = {isa = PBXFileReference; lastKnownFileType = image.png; path = cm2_play_needle_play.png; sourceTree = "<group>"; };
		90D66D7E1DB210E800BBEDA4 /* default.jpg */ = {isa = PBXFileReference; lastKnownFileType = image.jpeg; path = default.jpg; sourceTree = "<group>"; };
		C15CE88D7F87E9ACDCAB5383 /* Pods-MusicPlaying.release.xcconfig */ = {isa = PBXFileReference; includeInIndex = 1; lastKnownFileType = text.xcconfig; name = "Pods-MusicPlaying.release.xcconfig"; path = "Pods/Target Support Files/Pods-MusicPlaying/Pods-MusicPlaying.release.xcconfig"; sourceTree = "<group>"; };
/* End PBXFileReference section */

/* Begin PBXFrameworksBuildPhase section */
		90D66CE61DB1CCFB00BBEDA4 /* Frameworks */ = {
			isa = PBXFrameworksBuildPhase;
			buildActionMask = 2147483647;
			files = (
				5ECD0A7E9C802A27CCD9E2BB /* Pods_MusicPlaying.framework in Frameworks */,
			);
			runOnlyForDeploymentPostprocessing = 0;
		};
/* End PBXFrameworksBuildPhase section */

/* Begin PBXGroup section */
		299411F5DBDAA6C62EBDBB68 /* Pods */ = {
			isa = PBXGroup;
			children = (
				13E52BEFB0DE51171A33C916 /* Pods-MusicPlaying.debug.xcconfig */,
				C15CE88D7F87E9ACDCAB5383 /* Pods-MusicPlaying.release.xcconfig */,
			);
			name = Pods;
			sourceTree = "<group>";
		};
		90D66CE01DB1CCFB00BBEDA4 = {
			isa = PBXGroup;
			children = (
				90D66CEB1DB1CCFB00BBEDA4 /* MusicPlaying */,
				90D66CEA1DB1CCFB00BBEDA4 /* Products */,
				299411F5DBDAA6C62EBDBB68 /* Pods */,
				D21B3B491F9A95E65C50E164 /* Frameworks */,
			);
			sourceTree = "<group>";
		};
		90D66CEA1DB1CCFB00BBEDA4 /* Products */ = {
			isa = PBXGroup;
			children = (
				90D66CE91DB1CCFB00BBEDA4 /* MusicPlaying.app */,
			);
			name = Products;
			sourceTree = "<group>";
		};
		90D66CEB1DB1CCFB00BBEDA4 /* MusicPlaying */ = {
			isa = PBXGroup;
			children = (
				90D66D771DB1E20000BBEDA4 /* Views */,
				90D66CEC1DB1CCFB00BBEDA4 /* AppDelegate.swift */,
				90D66CEE1DB1CCFB00BBEDA4 /* ViewController.swift */,
				90D66CF01DB1CCFB00BBEDA4 /* Main.storyboard */,
				90D66CF31DB1CCFB00BBEDA4 /* Assets.xcassets */,
				90D66CF51DB1CCFB00BBEDA4 /* LaunchScreen.storyboard */,
				90D66CF81DB1CCFB00BBEDA4 /* Info.plist */,
				90D66D741DB1DEDD00BBEDA4 /* Resources */,
				90D66CFE1DB1CEDF00BBEDA4 /* Supporting Files */,
			);
			path = MusicPlaying;
			sourceTree = "<group>";
		};
		90D66CFE1DB1CEDF00BBEDA4 /* Supporting Files */ = {
			isa = PBXGroup;
			children = (
				90D66CFF1DB1CF0E00BBEDA4 /* MusicPlaying-Bridging-Header.h */,
			);
			name = "Supporting Files";
			sourceTree = "<group>";
		};
		90D66D741DB1DEDD00BBEDA4 /* Resources */ = {
			isa = PBXGroup;
			children = (
				90D66D7C1DB1FA4500BBEDA4 /* cm2_play_needle_play.png */,
				90D66D7E1DB210E800BBEDA4 /* default.jpg */,
			);
			name = Resources;
			sourceTree = "<group>";
		};
		90D66D771DB1E20000BBEDA4 /* Views */ = {
			isa = PBXGroup;
			children = (
				90D66D781DB1E24800BBEDA4 /* HMRadioImageView.swift */,
			);
			path = Views;
			sourceTree = "<group>";
		};
		D21B3B491F9A95E65C50E164 /* Frameworks */ = {
			isa = PBXGroup;
			children = (
				249273F56E9D6FE71A9A9996 /* Pods_MusicPlaying.framework */,
			);
			name = Frameworks;
			sourceTree = "<group>";
		};
/* End PBXGroup section */

/* Begin PBXNativeTarget section */
		90D66CE81DB1CCFB00BBEDA4 /* MusicPlaying */ = {
			isa = PBXNativeTarget;
			buildConfigurationList = 90D66CFB1DB1CCFB00BBEDA4 /* Build configuration list for PBXNativeTarget "MusicPlaying" */;
			buildPhases = (
				4160A5591CC802A6B59E47F6 /* [CP] Check Pods Manifest.lock */,
				90D66CE51DB1CCFB00BBEDA4 /* Sources */,
				90D66CE61DB1CCFB00BBEDA4 /* Frameworks */,
				90D66CE71DB1CCFB00BBEDA4 /* Resources */,
				0EA3DDE1DCBF7E1374C885D6 /* [CP] Embed Pods Frameworks */,
				742B24FF1DB0475DC2032FE0 /* [CP] Copy Pods Resources */,
			);
			buildRules = (
			);
			dependencies = (
			);
			name = MusicPlaying;
			productName = MusicPlaying;
			productReference = 90D66CE91DB1CCFB00BBEDA4 /* MusicPlaying.app */;
			productType = "com.apple.product-type.application";
		};
/* End PBXNativeTarget section */

/* Begin PBXProject section */
		90D66CE11DB1CCFB00BBEDA4 /* Project object */ = {
			isa = PBXProject;
			attributes = {
				LastSwiftUpdateCheck = 0800;
				LastUpgradeCheck = 0800;
				ORGANIZATIONNAME = huatengIOT;
				TargetAttributes = {
					90D66CE81DB1CCFB00BBEDA4 = {
						CreatedOnToolsVersion = 8.0;
						DevelopmentTeam = 2Z7NL663JA;
						LastSwiftMigration = 0800;
						ProvisioningStyle = Automatic;
					};
				};
			};
			buildConfigurationList = 90D66CE41DB1CCFB00BBEDA4 /* Build configuration list for PBXProject "MusicPlaying" */;
			compatibilityVersion = "Xcode 3.2";
			developmentRegion = English;
			hasScannedForEncodings = 0;
			knownRegions = (
				en,
				Base,
			);
			mainGroup = 90D66CE01DB1CCFB00BBEDA4;
			productRefGroup = 90D66CEA1DB1CCFB00BBEDA4 /* Products */;
			projectDirPath = "";
			projectRoot = "";
			targets = (
				90D66CE81DB1CCFB00BBEDA4 /* MusicPlaying */,
			);
		};
/* End PBXProject section */

/* Begin PBXResourcesBuildPhase section */
		90D66CE71DB1CCFB00BBEDA4 /* Resources */ = {
			isa = PBXResourcesBuildPhase;
			buildActionMask = 2147483647;
			files = (
				90D66D7D1DB1FA4500BBEDA4 /* cm2_play_needle_play.png in Resources */,
				90D66CF71DB1CCFB00BBEDA4 /* LaunchScreen.storyboard in Resources */,
				90D66CF41DB1CCFB00BBEDA4 /* Assets.xcassets in Resources */,
				90D66CF21DB1CCFB00BBEDA4 /* Main.storyboard in Resources */,
				90D66D7F1DB210E800BBEDA4 /* default.jpg in Resources */,
			);
			runOnlyForDeploymentPostprocessing = 0;
		};
/* End PBXResourcesBuildPhase section */

/* Begin PBXShellScriptBuildPhase section */
		0EA3DDE1DCBF7E1374C885D6 /* [CP] Embed Pods Frameworks */ = {
			isa = PBXShellScriptBuildPhase;
			buildActionMask = 2147483647;
			files = (
			);
			inputPaths = (
			);
			name = "[CP] Embed Pods Frameworks";
			outputPaths = (
			);
			runOnlyForDeploymentPostprocessing = 0;
			shellPath = /bin/sh;
			shellScript = "\"${SRCROOT}/Pods/Target Support Files/Pods-MusicPlaying/Pods-MusicPlaying-frameworks.sh\"\n";
			showEnvVarsInLog = 0;
		};
		4160A5591CC802A6B59E47F6 /* [CP] Check Pods Manifest.lock */ = {
			isa = PBXShellScriptBuildPhase;
			buildActionMask = 2147483647;
			files = (
			);
			inputPaths = (
			);
			name = "[CP] Check Pods Manifest.lock";
			outputPaths = (
			);
			runOnlyForDeploymentPostprocessing = 0;
			shellPath = /bin/sh;
			shellScript = "diff \"${PODS_ROOT}/../Podfile.lock\" \"${PODS_ROOT}/Manifest.lock\" > /dev/null\nif [[ $? != 0 ]] ; then\n    cat << EOM\nerror: The sandbox is not in sync with the Podfile.lock. Run 'pod install' or update your CocoaPods installation.\nEOM\n    exit 1\nfi\n";
			showEnvVarsInLog = 0;
		};
		742B24FF1DB0475DC2032FE0 /* [CP] Copy Pods Resources */ = {
			isa = PBXShellScriptBuildPhase;
			buildActionMask = 2147483647;
			files = (
			);
			inputPaths = (
			);
			name = "[CP] Copy Pods Resources";
			outputPaths = (
			);
			runOnlyForDeploymentPostprocessing = 0;
			shellPath = /bin/sh;
			shellScript = "\"${SRCROOT}/Pods/Target Support Files/Pods-MusicPlaying/Pods-MusicPlaying-resources.sh\"\n";
			showEnvVarsInLog = 0;
		};
/* End PBXShellScriptBuildPhase section */

/* Begin PBXSourcesBuildPhase section */
		90D66CE51DB1CCFB00BBEDA4 /* Sources */ = {
			isa = PBXSourcesBuildPhase;
			buildActionMask = 2147483647;
			files = (
				90D66CEF1DB1CCFB00BBEDA4 /* ViewController.swift in Sources */,
				90D66CED1DB1CCFB00BBEDA4 /* AppDelegate.swift in Sources */,
				90D66D791DB1E24800BBEDA4 /* HMRadioImageView.swift in Sources */,
			);
			runOnlyForDeploymentPostprocessing = 0;
		};
/* End PBXSourcesBuildPhase section */

/* Begin PBXVariantGroup section */
		90D66CF01DB1CCFB00BBEDA4 /* Main.storyboard */ = {
			isa = PBXVariantGroup;
			children = (
				90D66CF11DB1CCFB00BBEDA4 /* Base */,
			);
			name = Main.storyboard;
			sourceTree = "<group>";
		};
		90D66CF51DB1CCFB00BBEDA4 /* LaunchScreen.storyboard */ = {
			isa = PBXVariantGroup;
			children = (
				90D66CF61DB1CCFB00BBEDA4 /* Base */,
			);
			name = LaunchScreen.storyboard;
			sourceTree = "<group>";
		};
/* End PBXVariantGroup section */

/* Begin XCBuildConfiguration section */
		90D66CF91DB1CCFB00BBEDA4 /* Debug */ = {
			isa = XCBuildConfiguration;
			buildSettings = {
				ALWAYS_SEARCH_USER_PATHS = NO;
				CLANG_ANALYZER_NONNULL = YES;
				CLANG_CXX_LANGUAGE_STANDARD = "gnu++0x";
				CLANG_CXX_LIBRARY = "libc++";
				CLANG_ENABLE_MODULES = YES;
				CLANG_ENABLE_OBJC_ARC = YES;
				CLANG_WARN_BOOL_CONVERSION = YES;
				CLANG_WARN_CONSTANT_CONVERSION = YES;
				CLANG_WARN_DIRECT_OBJC_ISA_USAGE = YES_ERROR;
				CLANG_WARN_DOCUMENTATION_COMMENTS = YES;
				CLANG_WARN_EMPTY_BODY = YES;
				CLANG_WARN_ENUM_CONVERSION = YES;
				CLANG_WARN_INFINITE_RECURSION = YES;
				CLANG_WARN_INT_CONVERSION = YES;
				CLANG_WARN_OBJC_ROOT_CLASS = YES_ERROR;
				CLANG_WARN_SUSPICIOUS_MOVES = YES;
				CLANG_WARN_UNREACHABLE_CODE = YES;
				CLANG_WARN__DUPLICATE_METHOD_MATCH = YES;
				"CODE_SIGN_IDENTITY[sdk=iphoneos*]" = "iPhone Developer";
				COPY_PHASE_STRIP = NO;
				DEBUG_INFORMATION_FORMAT = dwarf;
				ENABLE_STRICT_OBJC_MSGSEND = YES;
				ENABLE_TESTABILITY = YES;
				GCC_C_LANGUAGE_STANDARD = gnu99;
				GCC_DYNAMIC_NO_PIC = NO;
				GCC_NO_COMMON_BLOCKS = YES;
				GCC_OPTIMIZATION_LEVEL = 0;
				GCC_PREPROCESSOR_DEFINITIONS = (
					"DEBUG=1",
					"$(inherited)",
				);
				GCC_WARN_64_TO_32_BIT_CONVERSION = YES;
				GCC_WARN_ABOUT_RETURN_TYPE = YES_ERROR;
				GCC_WARN_UNDECLARED_SELECTOR = YES;
				GCC_WARN_UNINITIALIZED_AUTOS = YES_AGGRESSIVE;
				GCC_WARN_UNUSED_FUNCTION = YES;
				GCC_WARN_UNUSED_VARIABLE = YES;
				IPHONEOS_DEPLOYMENT_TARGET = 10.0;
				MTL_ENABLE_DEBUG_INFO = YES;
				ONLY_ACTIVE_ARCH = YES;
				SDKROOT = iphoneos;
				SWIFT_ACTIVE_COMPILATION_CONDITIONS = DEBUG;
				SWIFT_OPTIMIZATION_LEVEL = "-Onone";
			};
			name = Debug;
		};
		90D66CFA1DB1CCFB00BBEDA4 /* Release */ = {
			isa = XCBuildConfiguration;
			buildSettings = {
				ALWAYS_SEARCH_USER_PATHS = NO;
				CLANG_ANALYZER_NONNULL = YES;
				CLANG_CXX_LANGUAGE_STANDARD = "gnu++0x";
				CLANG_CXX_LIBRARY = "libc++";
				CLANG_ENABLE_MODULES = YES;
				CLANG_ENABLE_OBJC_ARC = YES;
				CLANG_WARN_BOOL_CONVERSION = YES;
				CLANG_WARN_CONSTANT_CONVERSION = YES;
				CLANG_WARN_DIRECT_OBJC_ISA_USAGE = YES_ERROR;
				CLANG_WARN_DOCUMENTATION_COMMENTS = YES;
				CLANG_WARN_EMPTY_BODY = YES;
				CLANG_WARN_ENUM_CONVERSION = YES;
				CLANG_WARN_INFINITE_RECURSION = YES;
				CLANG_WARN_INT_CONVERSION = YES;
				CLANG_WARN_OBJC_ROOT_CLASS = YES_ERROR;
				CLANG_WARN_SUSPICIOUS_MOVES = YES;
				CLANG_WARN_UNREACHABLE_CODE = YES;
				CLANG_WARN__DUPLICATE_METHOD_MATCH = YES;
				"CODE_SIGN_IDENTITY[sdk=iphoneos*]" = "iPhone Developer";
				COPY_PHASE_STRIP = NO;
				DEBUG_INFORMATION_FORMAT = "dwarf-with-dsym";
				ENABLE_NS_ASSERTIONS = NO;
				ENABLE_STRICT_OBJC_MSGSEND = YES;
				GCC_C_LANGUAGE_STANDARD = gnu99;
				GCC_NO_COMMON_BLOCKS = YES;
				GCC_WARN_64_TO_32_BIT_CONVERSION = YES;
				GCC_WARN_ABOUT_RETURN_TYPE = YES_ERROR;
				GCC_WARN_UNDECLARED_SELECTOR = YES;
				GCC_WARN_UNINITIALIZED_AUTOS = YES_AGGRESSIVE;
				GCC_WARN_UNUSED_FUNCTION = YES;
				GCC_WARN_UNUSED_VARIABLE = YES;
				IPHONEOS_DEPLOYMENT_TARGET = 10.0;
				MTL_ENABLE_DEBUG_INFO = NO;
				SDKROOT = iphoneos;
				SWIFT_OPTIMIZATION_LEVEL = "-Owholemodule";
				VALIDATE_PRODUCT = YES;
			};
			name = Release;
		};
		90D66CFC1DB1CCFB00BBEDA4 /* Debug */ = {
			isa = XCBuildConfiguration;
			baseConfigurationReference = 13E52BEFB0DE51171A33C916 /* Pods-MusicPlaying.debug.xcconfig */;
			buildSettings = {
				ASSETCATALOG_COMPILER_APPICON_NAME = AppIcon;
				CLANG_ENABLE_MODULES = YES;
				DEVELOPMENT_TEAM = 2Z7NL663JA;
				INFOPLIST_FILE = MusicPlaying/Info.plist;
				LD_RUNPATH_SEARCH_PATHS = "$(inherited) @executable_path/Frameworks";
				PRODUCT_BUNDLE_IDENTIFIER = com.huatengIOT.MusicPlaying;
				PRODUCT_NAME = "$(TARGET_NAME)";
				SWIFT_OBJC_BRIDGING_HEADER = "MusicPlaying/MusicPlaying-Bridging-Header.h";
				SWIFT_OPTIMIZATION_LEVEL = "-Onone";
				SWIFT_VERSION = 3.0;
			};
			name = Debug;
		};
		90D66CFD1DB1CCFB00BBEDA4 /* Release */ = {
			isa = XCBuildConfiguration;
			baseConfigurationReference = C15CE88D7F87E9ACDCAB5383 /* Pods-MusicPlaying.release.xcconfig */;
			buildSettings = {
				ASSETCATALOG_COMPILER_APPICON_NAME = AppIcon;
				CLANG_ENABLE_MODULES = YES;
				DEVELOPMENT_TEAM = 2Z7NL663JA;
				INFOPLIST_FILE = MusicPlaying/Info.plist;
				LD_RUNPATH_SEARCH_PATHS = "$(inherited) @executable_path/Frameworks";
				PRODUCT_BUNDLE_IDENTIFIER = com.huatengIOT.MusicPlaying;
				PRODUCT_NAME = "$(TARGET_NAME)";
				SWIFT_OBJC_BRIDGING_HEADER = "MusicPlaying/MusicPlaying-Bridging-Header.h";
				SWIFT_VERSION = 3.0;
			};
			name = Release;
		};
/* End XCBuildConfiguration section */

/* Begin XCConfigurationList section */
		90D66CE41DB1CCFB00BBEDA4 /* Build configuration list for PBXProject "MusicPlaying" */ = {
			isa = XCConfigurationList;
			buildConfigurations = (
				90D66CF91DB1CCFB00BBEDA4 /* Debug */,
				90D66CFA1DB1CCFB00BBEDA4 /* Release */,
			);
			defaultConfigurationIsVisible = 0;
			defaultConfigurationName = Release;
		};
		90D66CFB1DB1CCFB00BBEDA4 /* Build configuration list for PBXNativeTarget "MusicPlaying" */ = {
			isa = XCConfigurationList;
			buildConfigurations = (
				90D66CFC1DB1CCFB00BBEDA4 /* Debug */,
				90D66CFD1DB1CCFB00BBEDA4 /* Release */,
			);
			defaultConfigurationIsVisible = 0;
			defaultConfigurationName = Release;
		};
/* End XCConfigurationList section */
	};
	rootObject = 90D66CE11DB1CCFB00BBEDA4 /* Project object */;
}
